
Microsoft Visual Studio Solution File, Format Version 12.00
# Visual Studio Version 16
VisualStudioVersion = 16.0.29215.179
MinimumVisualStudioVersion = 10.0.40219.1
Project("{FAE04EC0-301F-11D3-BF4B-00C04F79EFBC}") = "TrackerLibrary", "TrackerLibrary\TrackerLibrary.csproj", "{D036FD29-65FE-411D-9185-F194F67CD847}"
EndProject
Project("{FAE04EC0-301F-11D3-BF4B-00C04F79EFBC}") = "ClientTrackerViewer", "ClientTrackerViewer\ClientTrackerViewer.csproj", "{20D7BC10-3E1A-4343-981E-E35B2221C781}"
EndProject
Project("{FAE04EC0-301F-11D3-BF4B-00C04F79EFBC}") = "APITest", "APITest\APITest.csproj", "{D1F349F3-B7CB-4A60-AD32-10A23BD9E804}"
EndProject
Global
	GlobalSection(SolutionConfigurationPlatforms) = preSolution
		Debug|Any CPU = Debug|Any CPU
		Release|Any CPU = Release|Any CPU
	EndGlobalSection
	GlobalSection(ProjectConfigurationPlatforms) = postSolution
		{D036FD29-65FE-411D-9185-F194F67CD847}.Debug|Any CPU.ActiveCfg = Debug|Any CPU
		{D036FD29-65FE-411D-9185-F194F67CD847}.Debug|Any CPU.Build.0 = Debug|Any CPU
		{D036FD29-65FE-411D-9185-F194F67CD847}.Release|Any CPU.ActiveCfg = Release|Any CPU
		{D036FD29-65FE-411D-9185-F194F67CD847}.Release|Any CPU.Build.0 = Release|Any CPU
		{20D7BC10-3E1A-4343-981E-E35B2221C781}.Debug|Any CPU.ActiveCfg = Debug|Any CPU
		{20D7BC10-3E1A-4343-981E-E35B2221C781}.Debug|Any CPU.Build.0 = Debug|Any CPU
		{20D7BC10-3E1A-4343-981E-E35B2221C781}.Release|Any CPU.ActiveCfg = Release|Any CPU
		{20D7BC10-3E1A-4343-981E-E35B2221C781}.Release|Any CPU.Build.0 = Release|Any CPU
		{D1F349F3-B7CB-4A60-AD32-10A23BD9E804}.Debug|Any CPU.ActiveCfg = Debug|Any CPU
		{D1F349F3-B7CB-4A60-AD32-10A23BD9E804}.Debug|Any CPU.Build.0 = Debug|Any CPU
		{D1F349F3-B7CB-4A60-AD32-10A23BD9E804}.Release|Any CPU.ActiveCfg = Release|Any CPU
		{D1F349F3-B7CB-4A60-AD32-10A23BD9E804}.Release|Any CPU.Build.0 = Release|Any CPU
	EndGlobalSection
	GlobalSection(SolutionProperties) = preSolution
		HideSolutionNode = FALSE
	EndGlobalSection
	GlobalSection(ExtensibilityGlobals) = postSolution
		SolutionGuid = {D5D20108-A5BC-432F-A462-2887CBFFF535}
	EndGlobalSection
EndGlobal
